
Microsoft Visual Studio Solution File, Format Version 12.00
# Visual Studio Version 16
VisualStudioVersion = 16.0.30309.148
MinimumVisualStudioVersion = 10.0.40219.1
Project("{9A19103F-16F7-4668-BE54-9A1E7A4F7556}") = "IoTHub", "src\IoTHub\IoTHub.csproj", "{00C1EE0A-9146-43B7-9A63-965BBC8EDCDB}"
EndProject
Project("{9A19103F-16F7-4668-BE54-9A1E7A4F7556}") = "IoTHub.Grpc.Servers", "src\IoTHub.Grpc.Servers\IoTHub.Grpc.Servers.csproj", "{E7732281-D98E-4BF0-8D63-F8D77682A457}"
EndProject
Project("{9A19103F-16F7-4668-BE54-9A1E7A4F7556}") = "IoTHub.Grpc.Protos", "src\IoTHub.Grpc.Protos\IoTHub.Grpc.Protos.csproj", "{A22837AD-43DF-42E7-85C1-8AED60C60FD0}"
EndProject
Project("{2150E333-8FDC-42A3-9474-1A3956D46DE8}") = "gRPC", "gRPC", "{9951E7C6-1531-4395-82EA-83A32764EA68}"
EndProject
Project("{2150E333-8FDC-42A3-9474-1A3956D46DE8}") = "Persistence", "Persistence", "{8EF2CD78-DAC9-467B-9499-84F1B1183C96}"
EndProject
Project("{9A19103F-16F7-4668-BE54-9A1E7A4F7556}") = "IoTHub.Persistence.Models", "src\IoTHub.Persistence.Models\IoTHub.Persistence.Models.csproj", "{BD18D90A-2FF1-4D13-971B-B612B2DE7CF0}"
EndProject
Project("{9A19103F-16F7-4668-BE54-9A1E7A4F7556}") = "IoTHub.Persistence.Abstractions", "src\IoTHub.Persistence.Abstractions\IoTHub.Persistence.Abstractions.csproj", "{BFF14B03-DECB-4CB9-BFC3-F1A4879E393D}"
EndProject
Project("{9A19103F-16F7-4668-BE54-9A1E7A4F7556}") = "IoTHub.Persistence.Sqlite", "src\IoTHub.Persistence.Sqlite\IoTHub.Persistence.Sqlite.csproj", "{A6DD43BB-2218-4E1F-A1FD-2E9273C039C1}"
EndProject
Project("{9A19103F-16F7-4668-BE54-9A1E7A4F7556}") = "IoTHub.Persistence", "src\IoTHub.Persistence\IoTHub.Persistence.csproj", "{299F57B1-5281-4496-ADBC-6BDBABBAE9E8}"
EndProject
Project("{2150E333-8FDC-42A3-9474-1A3956D46DE8}") = "Core", "Core", "{B27D7D93-BE07-4E79-B32D-0F3431629D62}"
EndProject
Project("{FAE04EC0-301F-11D3-BF4B-00C04F79EFBC}") = "IoTHub.Core", "IoTHub.Core\IoTHub.Core.csproj", "{35FD6BAB-BC5B-4AC1-9893-11A29B2D3F26}"
EndProject
Global
	GlobalSection(SolutionConfigurationPlatforms) = preSolution
		Debug|Any CPU = Debug|Any CPU
		Release|Any CPU = Release|Any CPU
	EndGlobalSection
	GlobalSection(ProjectConfigurationPlatforms) = postSolution
		{00C1EE0A-9146-43B7-9A63-965BBC8EDCDB}.Debug|Any CPU.ActiveCfg = Debug|Any CPU
		{00C1EE0A-9146-43B7-9A63-965BBC8EDCDB}.Debug|Any CPU.Build.0 = Debug|Any CPU
		{00C1EE0A-9146-43B7-9A63-965BBC8EDCDB}.Release|Any CPU.ActiveCfg = Release|Any CPU
		{00C1EE0A-9146-43B7-9A63-965BBC8EDCDB}.Release|Any CPU.Build.0 = Release|Any CPU
		{E7732281-D98E-4BF0-8D63-F8D77682A457}.Debug|Any CPU.ActiveCfg = Debug|Any CPU
		{E7732281-D98E-4BF0-8D63-F8D77682A457}.Debug|Any CPU.Build.0 = Debug|Any CPU
		{E7732281-D98E-4BF0-8D63-F8D77682A457}.Release|Any CPU.ActiveCfg = Release|Any CPU
		{E7732281-D98E-4BF0-8D63-F8D77682A457}.Release|Any CPU.Build.0 = Release|Any CPU
		{A22837AD-43DF-42E7-85C1-8AED60C60FD0}.Debug|Any CPU.ActiveCfg = Debug|Any CPU
		{A22837AD-43DF-42E7-85C1-8AED60C60FD0}.Debug|Any CPU.Build.0 = Debug|Any CPU
		{A22837AD-43DF-42E7-85C1-8AED60C60FD0}.Release|Any CPU.ActiveCfg = Release|Any CPU
		{A22837AD-43DF-42E7-85C1-8AED60C60FD0}.Release|Any CPU.Build.0 = Release|Any CPU
		{BD18D90A-2FF1-4D13-971B-B612B2DE7CF0}.Debug|Any CPU.ActiveCfg = Debug|Any CPU
		{BD18D90A-2FF1-4D13-971B-B612B2DE7CF0}.Debug|Any CPU.Build.0 = Debug|Any CPU
		{BD18D90A-2FF1-4D13-971B-B612B2DE7CF0}.Release|Any CPU.ActiveCfg = Release|Any CPU
		{BD18D90A-2FF1-4D13-971B-B612B2DE7CF0}.Release|Any CPU.Build.0 = Release|Any CPU
		{BFF14B03-DECB-4CB9-BFC3-F1A4879E393D}.Debug|Any CPU.ActiveCfg = Debug|Any CPU
		{BFF14B03-DECB-4CB9-BFC3-F1A4879E393D}.Debug|Any CPU.Build.0 = Debug|Any CPU
		{BFF14B03-DECB-4CB9-BFC3-F1A4879E393D}.Release|Any CPU.ActiveCfg = Release|Any CPU
		{BFF14B03-DECB-4CB9-BFC3-F1A4879E393D}.Release|Any CPU.Build.0 = Release|Any CPU
		{A6DD43BB-2218-4E1F-A1FD-2E9273C039C1}.Debug|Any CPU.ActiveCfg = Debug|Any CPU
		{A6DD43BB-2218-4E1F-A1FD-2E9273C039C1}.Debug|Any CPU.Build.0 = Debug|Any CPU
		{A6DD43BB-2218-4E1F-A1FD-2E9273C039C1}.Release|Any CPU.ActiveCfg = Release|Any CPU
		{A6DD43BB-2218-4E1F-A1FD-2E9273C039C1}.Release|Any CPU.Build.0 = Release|Any CPU
		{299F57B1-5281-4496-ADBC-6BDBABBAE9E8}.Debug|Any CPU.ActiveCfg = Debug|Any CPU
		{299F57B1-5281-4496-ADBC-6BDBABBAE9E8}.Debug|Any CPU.Build.0 = Debug|Any CPU
		{299F57B1-5281-4496-ADBC-6BDBABBAE9E8}.Release|Any CPU.ActiveCfg = Release|Any CPU
		{299F57B1-5281-4496-ADBC-6BDBABBAE9E8}.Release|Any CPU.Build.0 = Release|Any CPU
		{35FD6BAB-BC5B-4AC1-9893-11A29B2D3F26}.Debug|Any CPU.ActiveCfg = Debug|Any CPU
		{35FD6BAB-BC5B-4AC1-9893-11A29B2D3F26}.Debug|Any CPU.Build.0 = Debug|Any CPU
		{35FD6BAB-BC5B-4AC1-9893-11A29B2D3F26}.Release|Any CPU.ActiveCfg = Release|Any CPU
		{35FD6BAB-BC5B-4AC1-9893-11A29B2D3F26}.Release|Any CPU.Build.0 = Release|Any CPU
	EndGlobalSection
	GlobalSection(SolutionProperties) = preSolution
		HideSolutionNode = FALSE
	EndGlobalSection
	GlobalSection(NestedProjects) = preSolution
		{E7732281-D98E-4BF0-8D63-F8D77682A457} = {9951E7C6-1531-4395-82EA-83A32764EA68}
		{A22837AD-43DF-42E7-85C1-8AED60C60FD0} = {9951E7C6-1531-4395-82EA-83A32764EA68}
		{BD18D90A-2FF1-4D13-971B-B612B2DE7CF0} = {8EF2CD78-DAC9-467B-9499-84F1B1183C96}
		{BFF14B03-DECB-4CB9-BFC3-F1A4879E393D} = {8EF2CD78-DAC9-467B-9499-84F1B1183C96}
		{A6DD43BB-2218-4E1F-A1FD-2E9273C039C1} = {8EF2CD78-DAC9-467B-9499-84F1B1183C96}
		{299F57B1-5281-4496-ADBC-6BDBABBAE9E8} = {8EF2CD78-DAC9-467B-9499-84F1B1183C96}
		{35FD6BAB-BC5B-4AC1-9893-11A29B2D3F26} = {B27D7D93-BE07-4E79-B32D-0F3431629D62}
	EndGlobalSection
	GlobalSection(ExtensibilityGlobals) = postSolution
		SolutionGuid = {08AFD222-2CC0-4517-B407-0F54602856B0}
	EndGlobalSection
EndGlobal
